
Microsoft Visual Studio Solution File, Format Version 12.00
Project("{FAE04EC0-301F-11D3-BF4B-00C04F79EFBC}") = "Vitality", "Vitality\Vitality.csproj", "{F938B20F-734F-48FA-9FC0-DF2B97FEA87B}"
EndProject
Global
	GlobalSection(SolutionConfigurationPlatforms) = preSolution
		Debug|Any CPU = Debug|Any CPU
		Release|Any CPU = Release|Any CPU
	EndGlobalSection
	GlobalSection(ProjectConfigurationPlatforms) = postSolution
		{F938B20F-734F-48FA-9FC0-DF2B97FEA87B}.Debug|Any CPU.ActiveCfg = Debug|Any CPU
		{F938B20F-734F-48FA-9FC0-DF2B97FEA87B}.Debug|Any CPU.Build.0 = Debug|Any CPU
		{F938B20F-734F-48FA-9FC0-DF2B97FEA87B}.Release|Any CPU.ActiveCfg = Release|Any CPU
		{F938B20F-734F-48FA-9FC0-DF2B97FEA87B}.Release|Any CPU.Build.0 = Release|Any CPU
	EndGlobalSection
EndGlobal
